
Microsoft Visual Studio Solution File, Format Version 12.00
# Visual Studio 15
VisualStudioVersion = 15.0.27130.2027
MinimumVisualStudioVersion = 10.0.40219.1
Project("{FAE04EC0-301F-11D3-BF4B-00C04F79EFBC}") = "WindowsFormsApp1", "WindowsFormsApp1\WindowsFormsApp1.csproj", "{8226D35A-950F-4280-840D-7D3464EB625B}"
EndProject
Global
	GlobalSection(SolutionConfigurationPlatforms) = preSolution
		Debug|Any CPU = Debug|Any CPU
		Release|Any CPU = Release|Any CPU
	EndGlobalSection
	GlobalSection(ProjectConfigurationPlatforms) = postSolution
		{8226D35A-950F-4280-840D-7D3464EB625B}.Debug|Any CPU.ActiveCfg = Debug|Any CPU
		{8226D35A-950F-4280-840D-7D3464EB625B}.Debug|Any CPU.Build.0 = Debug|Any CPU
		{8226D35A-950F-4280-840D-7D3464EB625B}.Release|Any CPU.ActiveCfg = Release|Any CPU
		{8226D35A-950F-4280-840D-7D3464EB625B}.Release|Any CPU.Build.0 = Release|Any CPU
	EndGlobalSection
	GlobalSection(SolutionProperties) = preSolution
		HideSolutionNode = FALSE
	EndGlobalSection
	GlobalSection(ExtensibilityGlobals) = postSolution
		SolutionGuid = {35FA3E89-B62E-45D5-B19A-5C4575B51FEA}
	EndGlobalSection
EndGlobal
